
Microsoft Visual Studio Solution File, Format Version 12.00
# Visual Studio Version 17
VisualStudioVersion = 17.10.35122.118
MinimumVisualStudioVersion = 10.0.40219.1
Project("{FAE04EC0-301F-11D3-BF4B-00C04F79EFBC}") = "UI designed", "UI designed\UI designed.csproj", "{218139F6-E1C3-42B1-A686-50878E9F553F}"
EndProject
Global
	GlobalSection(SolutionConfigurationPlatforms) = preSolution
		Debug|Any CPU = Debug|Any CPU
		Release|Any CPU = Release|Any CPU
	EndGlobalSection
	GlobalSection(ProjectConfigurationPlatforms) = postSolution
		{218139F6-E1C3-42B1-A686-50878E9F553F}.Debug|Any CPU.ActiveCfg = Debug|Any CPU
		{218139F6-E1C3-42B1-A686-50878E9F553F}.Debug|Any CPU.Build.0 = Debug|Any CPU
		{218139F6-E1C3-42B1-A686-50878E9F553F}.Release|Any CPU.ActiveCfg = Release|Any CPU
		{218139F6-E1C3-42B1-A686-50878E9F553F}.Release|Any CPU.Build.0 = Release|Any CPU
	EndGlobalSection
	GlobalSection(SolutionProperties) = preSolution
		HideSolutionNode = FALSE
	EndGlobalSection
	GlobalSection(ExtensibilityGlobals) = postSolution
		SolutionGuid = {96ED73E3-B061-4148-A2D2-BC2520B67F2B}
	EndGlobalSection
EndGlobal
